
Microsoft Visual Studio Solution File, Format Version 12.00
# Visual Studio Version 17
VisualStudioVersion = 17.0.31903.59
MinimumVisualStudioVersion = 10.0.40219.1
Project("{FAE04EC0-301F-11D3-BF4B-00C04F79EFBC}") = "CC.JsonParser.Console", "CC.JsonParser.Console\CC.JsonParser.Console.csproj", "{BABF4EDA-32D1-4B76-94CE-2BBAB44C3B4B}"
EndProject
Project("{FAE04EC0-301F-11D3-BF4B-00C04F79EFBC}") = "CC.JsonParser.Tests", "CC.JsonParser.Tests\CC.JsonParser.Tests.csproj", "{48835D90-DCFF-475D-8CF0-C897AF0CA665}"
EndProject
Global
	GlobalSection(SolutionConfigurationPlatforms) = preSolution
		Debug|Any CPU = Debug|Any CPU
		Release|Any CPU = Release|Any CPU
	EndGlobalSection
	GlobalSection(SolutionProperties) = preSolution
		HideSolutionNode = FALSE
	EndGlobalSection
	GlobalSection(ProjectConfigurationPlatforms) = postSolution
		{BABF4EDA-32D1-4B76-94CE-2BBAB44C3B4B}.Debug|Any CPU.ActiveCfg = Debug|Any CPU
		{BABF4EDA-32D1-4B76-94CE-2BBAB44C3B4B}.Debug|Any CPU.Build.0 = Debug|Any CPU
		{BABF4EDA-32D1-4B76-94CE-2BBAB44C3B4B}.Release|Any CPU.ActiveCfg = Release|Any CPU
		{BABF4EDA-32D1-4B76-94CE-2BBAB44C3B4B}.Release|Any CPU.Build.0 = Release|Any CPU
		{48835D90-DCFF-475D-8CF0-C897AF0CA665}.Debug|Any CPU.ActiveCfg = Debug|Any CPU
		{48835D90-DCFF-475D-8CF0-C897AF0CA665}.Debug|Any CPU.Build.0 = Debug|Any CPU
		{48835D90-DCFF-475D-8CF0-C897AF0CA665}.Release|Any CPU.ActiveCfg = Release|Any CPU
		{48835D90-DCFF-475D-8CF0-C897AF0CA665}.Release|Any CPU.Build.0 = Release|Any CPU
	EndGlobalSection
EndGlobal
